
Microsoft Visual Studio Solution File, Format Version 12.00
# Visual Studio Version 16
VisualStudioVersion = 16.0.30907.101
MinimumVisualStudioVersion = 10.0.40219.1
Project("{FAE04EC0-301F-11D3-BF4B-00C04F79EFBC}") = "TPR2", "TPR2.csproj", "{6930C5B4-7709-4413-92BC-DFEA7AEAC9AA}"
EndProject
Global
	GlobalSection(SolutionConfigurationPlatforms) = preSolution
		Debug|Any CPU = Debug|Any CPU
		Release|Any CPU = Release|Any CPU
	EndGlobalSection
	GlobalSection(ProjectConfigurationPlatforms) = postSolution
		{6930C5B4-7709-4413-92BC-DFEA7AEAC9AA}.Debug|Any CPU.ActiveCfg = Debug|Any CPU
		{6930C5B4-7709-4413-92BC-DFEA7AEAC9AA}.Debug|Any CPU.Build.0 = Debug|Any CPU
		{6930C5B4-7709-4413-92BC-DFEA7AEAC9AA}.Release|Any CPU.ActiveCfg = Release|Any CPU
		{6930C5B4-7709-4413-92BC-DFEA7AEAC9AA}.Release|Any CPU.Build.0 = Release|Any CPU
	EndGlobalSection
	GlobalSection(SolutionProperties) = preSolution
		HideSolutionNode = FALSE
	EndGlobalSection
	GlobalSection(ExtensibilityGlobals) = postSolution
		SolutionGuid = {64FFC105-6203-4FC4-A69B-0758FB11831C}
	EndGlobalSection
EndGlobal
